
Microsoft Visual Studio Solution File, Format Version 12.00
# Visual Studio Version 17
VisualStudioVersion = 17.13.35919.96
MinimumVisualStudioVersion = 10.0.40219.1
Project("{2150E333-8FDC-42A3-9474-1A3956D46DE8}") = "CleanArc.Application", "CleanArc.Application", "{02EA681E-C7D8-13C7-8484-4AC65E1B71E8}"
EndProject
Project("{2150E333-8FDC-42A3-9474-1A3956D46DE8}") = "CleanArc.Domain", "CleanArc.Domain", "{EB8567AC-650C-4A8F-AD2C-F8E2AC9FEB31}"
EndProject
Project("{2150E333-8FDC-42A3-9474-1A3956D46DE8}") = "CleanArc.Infra.Data", "CleanArc.Infra.Data", "{369CB01D-A1A7-72D2-AABC-3F0945D148A2}"
EndProject
Project("{2150E333-8FDC-42A3-9474-1A3956D46DE8}") = "CleanArc.UI.Mvc", "CleanArc.UI.Mvc", "{7DC331D0-3EC4-40A6-69FB-1CBEB2E0D1EA}"
EndProject
Global
	GlobalSection(SolutionProperties) = preSolution
		HideSolutionNode = FALSE
	EndGlobalSection
	GlobalSection(ExtensibilityGlobals) = postSolution
		SolutionGuid = {D8BB2B0B-5887-4E81-AFB4-1B5FB06F50A3}
	EndGlobalSection
EndGlobal
